<?xml version="1.0" encoding="utf-8"?>
<Project ToolsVersion="4.0" xmlns="http://schemas.microsoft.com/developer/msbuild/2003">
  <ItemGroup>
    <Filter Include="소스 파일">
      <UniqueIdentifier>{4FC737F1-C7A5-4376-A066-2A32D752A2FF}</UniqueIdentifier>
      <Extensions>cpp;c;cc;cxx;c++;cppm;ixx;def;odl;idl;hpj;bat;asm;asmx</Extensions>
    </Filter>
    <Filter Include="헤더 파일">
      <UniqueIdentifier>{93995380-89BD-4b04-88EB-625FBE52EBFB}</UniqueIdentifier>
      <Extensions>h;hh;hpp;hxx;h++;hm;inl;inc;ipp;xsd</Extensions>
    </Filter>
    <Filter Include="리소스 파일">
      <UniqueIdentifier>{67DA6AB6-F800-4c08-8B7A-83BB121AAD01}</UniqueIdentifier>
      <Extensions>rc;ico;cur;bmp;dlg;rc2;rct;bin;rgs;gif;jpg;jpeg;jpe;resx;tiff;tif;png;wav;mfcribbon-ms</Extensions>
    </Filter>
    <Filter Include="소스 파일\Handler">
      <UniqueIdentifier>{a0558d61-95f2-45a5-a3ab-bc044b2c3931}</UniqueIdentifier>
    </Filter>
    <Filter Include="헤더 파일\Handler">
      <UniqueIdentifier>{cf716e85-37c2-4cec-8723-941d2239c548}</UniqueIdentifier>
    </Filter>
    <Filter Include="소스 파일\Core">
      <UniqueIdentifier>{1179fa90-cd20-4646-bac8-0a5f4be035e2}</UniqueIdentifier>
    </Filter>
    <Filter Include="헤더 파일\Core">
      <UniqueIdentifier>{2ac0b89c-46a9-4c64-9863-cf214da513bf}</UniqueIdentifier>
    </Filter>
  </ItemGroup>
  <ItemGroup>
    <ClCompile Include="Server.cpp">
      <Filter>소스 파일</Filter>
    </ClCompile>
    <ClCompile Include="GameServer.cpp">
      <Filter>소스 파일</Filter>
    </ClCompile>
    <ClCompile Include="PlayerSession.cpp">
      <Filter>소스 파일</Filter>
    </ClCompile>
    <ClCompile Include="GameRoom.cpp">
      <Filter>소스 파일</Filter>
    </ClCompile>
    <ClCompile Include="IPacketHandler.cpp">
      <Filter>소스 파일\Handler</Filter>
    </ClCompile>
    <ClCompile Include="ChatPacketHandler.cpp">
      <Filter>소스 파일\Handler</Filter>
    </ClCompile>
    <ClCompile Include="SetNicknamePacketHandler.cpp">
      <Filter>소스 파일\Handler</Filter>
    </ClCompile>
    <ClCompile Include="PacketHandlerRegistry.cpp">
      <Filter>소스 파일\Core</Filter>
    </ClCompile>
  </ItemGroup>
  <ItemGroup>
    <ClInclude Include="GameServer.h">
      <Filter>헤더 파일</Filter>
    </ClInclude>
    <ClInclude Include="PlayerSession.h">
      <Filter>헤더 파일</Filter>
    </ClInclude>
    <ClInclude Include="GameRoom.h">
      <Filter>헤더 파일</Filter>
    </ClInclude>
    <ClInclude Include="IPacketHandler.h">
      <Filter>헤더 파일\Handler</Filter>
    </ClInclude>
    <ClInclude Include="ChatPacketHandler.h">
      <Filter>헤더 파일\Handler</Filter>
    </ClInclude>
    <ClInclude Include="SetNicknamePacketHandler.h">
      <Filter>헤더 파일\Handler</Filter>
    </ClInclude>
    <ClInclude Include="PacketHandlerRegistry.h">
      <Filter>헤더 파일\Core</Filter>
    </ClInclude>
  </ItemGroup>
</Project>