
Microsoft Visual Studio Solution File, Format Version 12.00
Project("{2150E333-8FDC-42A3-9474-1A3956D46DE8}") = "SocketServer", "SocketServer", "{D5C1EB16-259C-47A3-ACE7-7E21B631C75F}"
EndProject
Project("{FAE04EC0-301F-11D3-BF4B-00C04F79EFBC}") = "SocketServer", "SocketServer\SocketServer\SocketServer.csproj", "{B8CD4A32-56CC-482E-A754-50E1E3735E39}"
EndProject
Project("{2150E333-8FDC-42A3-9474-1A3956D46DE8}") = "GameServer", "GameServer", "{5EB48421-481B-42F9-8FC7-93D06F0EF9A2}"
EndProject
Project("{2150E333-8FDC-42A3-9474-1A3956D46DE8}") = "Infra", "Infra", "{D10CF1E7-BD36-4831-B4BC-36009438216C}"
	ProjectSection(SolutionItems) = preProject
		Infra\docker-compose.yml = Infra\docker-compose.yml
	EndProjectSection
EndProject
Project("{FAE04EC0-301F-11D3-BF4B-00C04F79EFBC}") = "GameServer.API", "GameServer\GameServer.API\GameServer.API.csproj", "{94B759F5-606F-4676-8CBC-F3AAF2F689BA}"
EndProject
Project("{FAE04EC0-301F-11D3-BF4B-00C04F79EFBC}") = "GameServer.Application", "GameServer\GameServer.Application\GameServer.Application.csproj", "{8FC23D2A-EDE0-4787-B46F-647E5055E605}"
EndProject
Project("{FAE04EC0-301F-11D3-BF4B-00C04F79EFBC}") = "GameServer.Domain", "GameServer\GameServer.Domain\GameServer.Domain.csproj", "{9CE745C8-F9B5-480B-8B2E-ADA8B51C518F}"
EndProject
Project("{FAE04EC0-301F-11D3-BF4B-00C04F79EFBC}") = "GameServer.Infrastructure", "GameServer\GameServer.Infrastructure\GameServer.Infrastructure.csproj", "{6BB44ABD-1D57-4654-8775-6AF67DDAE8D9}"
EndProject
Project("{FAE04EC0-301F-11D3-BF4B-00C04F79EFBC}") = "GameServer.Tests", "GameServer\GameServer.Tests\GameServer.Tests.csproj", "{00347F7D-10D6-4E37-B21C-9F2895A555E5}"
EndProject
Project("{FAE04EC0-301F-11D3-BF4B-00C04F79EFBC}") = "Temp", "Temp\Temp.csproj", "{F254BCF8-6388-40CF-8F2B-E6ED00C152D8}"
EndProject
Project("{2150E333-8FDC-42A3-9474-1A3956D46DE8}") = "Protos", "Protos", "{160F86D5-5448-41E9-8E48-F71134A2832D}"
	ProjectSection(SolutionItems) = preProject
		GameServer\Protos\auth.proto = GameServer\Protos\auth.proto
		GameServer\Protos\chat.proto = GameServer\Protos\chat.proto
		GameServer\Protos\common.proto = GameServer\Protos\common.proto
		GameServer\Protos\lobby.proto = GameServer\Protos\lobby.proto
		GameServer\Protos\user.proto = GameServer\Protos\user.proto
	EndProjectSection
EndProject
Project("{2150E333-8FDC-42A3-9474-1A3956D46DE8}") = "Shared", "Shared", "{5AD722B9-0BAC-4BDB-B577-E7B3B5239D40}"
EndProject
Project("{FAE04EC0-301F-11D3-BF4B-00C04F79EFBC}") = "Shared.Infrastructure", "Shared\Shared.Infrastructure\Shared.Infrastructure.csproj", "{6887AE17-C87C-451D-B0BA-1A7C5746F991}"
EndProject
Project("{FAE04EC0-301F-11D3-BF4B-00C04F79EFBC}") = "Shared.Packet", "Shared\Shared.Packet\Shared.Packet.csproj", "{92C00A7F-1F2A-4FE2-853C-92D4110B97F4}"
EndProject
Project("{2150E333-8FDC-42A3-9474-1A3956D46DE8}") = "DummyClient", "DummyClient", "{AEFA7355-5BDF-4E39-8865-E42DEB4AA125}"
EndProject
Project("{FAE04EC0-301F-11D3-BF4B-00C04F79EFBC}") = "DummyClient", "DummyClient\DummyClient\DummyClient.csproj", "{4488DFE4-5728-43FF-9F2F-1FEAD73C34E3}"
EndProject
Global
	GlobalSection(SolutionConfigurationPlatforms) = preSolution
		Debug|Any CPU = Debug|Any CPU
		Release|Any CPU = Release|Any CPU
	EndGlobalSection
	GlobalSection(ProjectConfigurationPlatforms) = postSolution
		{B8CD4A32-56CC-482E-A754-50E1E3735E39}.Debug|Any CPU.ActiveCfg = Debug|Any CPU
		{B8CD4A32-56CC-482E-A754-50E1E3735E39}.Debug|Any CPU.Build.0 = Debug|Any CPU
		{B8CD4A32-56CC-482E-A754-50E1E3735E39}.Release|Any CPU.ActiveCfg = Release|Any CPU
		{B8CD4A32-56CC-482E-A754-50E1E3735E39}.Release|Any CPU.Build.0 = Release|Any CPU
		{94B759F5-606F-4676-8CBC-F3AAF2F689BA}.Debug|Any CPU.ActiveCfg = Debug|Any CPU
		{94B759F5-606F-4676-8CBC-F3AAF2F689BA}.Debug|Any CPU.Build.0 = Debug|Any CPU
		{94B759F5-606F-4676-8CBC-F3AAF2F689BA}.Release|Any CPU.ActiveCfg = Release|Any CPU
		{94B759F5-606F-4676-8CBC-F3AAF2F689BA}.Release|Any CPU.Build.0 = Release|Any CPU
		{8FC23D2A-EDE0-4787-B46F-647E5055E605}.Debug|Any CPU.ActiveCfg = Debug|Any CPU
		{8FC23D2A-EDE0-4787-B46F-647E5055E605}.Debug|Any CPU.Build.0 = Debug|Any CPU
		{8FC23D2A-EDE0-4787-B46F-647E5055E605}.Release|Any CPU.ActiveCfg = Release|Any CPU
		{8FC23D2A-EDE0-4787-B46F-647E5055E605}.Release|Any CPU.Build.0 = Release|Any CPU
		{9CE745C8-F9B5-480B-8B2E-ADA8B51C518F}.Debug|Any CPU.ActiveCfg = Debug|Any CPU
		{9CE745C8-F9B5-480B-8B2E-ADA8B51C518F}.Debug|Any CPU.Build.0 = Debug|Any CPU
		{9CE745C8-F9B5-480B-8B2E-ADA8B51C518F}.Release|Any CPU.ActiveCfg = Release|Any CPU
		{9CE745C8-F9B5-480B-8B2E-ADA8B51C518F}.Release|Any CPU.Build.0 = Release|Any CPU
		{6BB44ABD-1D57-4654-8775-6AF67DDAE8D9}.Debug|Any CPU.ActiveCfg = Debug|Any CPU
		{6BB44ABD-1D57-4654-8775-6AF67DDAE8D9}.Debug|Any CPU.Build.0 = Debug|Any CPU
		{6BB44ABD-1D57-4654-8775-6AF67DDAE8D9}.Release|Any CPU.ActiveCfg = Release|Any CPU
		{6BB44ABD-1D57-4654-8775-6AF67DDAE8D9}.Release|Any CPU.Build.0 = Release|Any CPU
		{00347F7D-10D6-4E37-B21C-9F2895A555E5}.Debug|Any CPU.ActiveCfg = Debug|Any CPU
		{00347F7D-10D6-4E37-B21C-9F2895A555E5}.Debug|Any CPU.Build.0 = Debug|Any CPU
		{00347F7D-10D6-4E37-B21C-9F2895A555E5}.Release|Any CPU.ActiveCfg = Release|Any CPU
		{00347F7D-10D6-4E37-B21C-9F2895A555E5}.Release|Any CPU.Build.0 = Release|Any CPU
		{F254BCF8-6388-40CF-8F2B-E6ED00C152D8}.Debug|Any CPU.ActiveCfg = Debug|Any CPU
		{F254BCF8-6388-40CF-8F2B-E6ED00C152D8}.Debug|Any CPU.Build.0 = Debug|Any CPU
		{F254BCF8-6388-40CF-8F2B-E6ED00C152D8}.Release|Any CPU.ActiveCfg = Release|Any CPU
		{F254BCF8-6388-40CF-8F2B-E6ED00C152D8}.Release|Any CPU.Build.0 = Release|Any CPU
		{6887AE17-C87C-451D-B0BA-1A7C5746F991}.Debug|Any CPU.ActiveCfg = Debug|Any CPU
		{6887AE17-C87C-451D-B0BA-1A7C5746F991}.Debug|Any CPU.Build.0 = Debug|Any CPU
		{6887AE17-C87C-451D-B0BA-1A7C5746F991}.Release|Any CPU.ActiveCfg = Release|Any CPU
		{6887AE17-C87C-451D-B0BA-1A7C5746F991}.Release|Any CPU.Build.0 = Release|Any CPU
		{92C00A7F-1F2A-4FE2-853C-92D4110B97F4}.Debug|Any CPU.ActiveCfg = Debug|Any CPU
		{92C00A7F-1F2A-4FE2-853C-92D4110B97F4}.Debug|Any CPU.Build.0 = Debug|Any CPU
		{92C00A7F-1F2A-4FE2-853C-92D4110B97F4}.Release|Any CPU.ActiveCfg = Release|Any CPU
		{92C00A7F-1F2A-4FE2-853C-92D4110B97F4}.Release|Any CPU.Build.0 = Release|Any CPU
		{4488DFE4-5728-43FF-9F2F-1FEAD73C34E3}.Debug|Any CPU.ActiveCfg = Debug|Any CPU
		{4488DFE4-5728-43FF-9F2F-1FEAD73C34E3}.Debug|Any CPU.Build.0 = Debug|Any CPU
		{4488DFE4-5728-43FF-9F2F-1FEAD73C34E3}.Release|Any CPU.ActiveCfg = Release|Any CPU
		{4488DFE4-5728-43FF-9F2F-1FEAD73C34E3}.Release|Any CPU.Build.0 = Release|Any CPU
	EndGlobalSection
	GlobalSection(NestedProjects) = preSolution
		{B8CD4A32-56CC-482E-A754-50E1E3735E39} = {D5C1EB16-259C-47A3-ACE7-7E21B631C75F}
		{94B759F5-606F-4676-8CBC-F3AAF2F689BA} = {5EB48421-481B-42F9-8FC7-93D06F0EF9A2}
		{8FC23D2A-EDE0-4787-B46F-647E5055E605} = {5EB48421-481B-42F9-8FC7-93D06F0EF9A2}
		{9CE745C8-F9B5-480B-8B2E-ADA8B51C518F} = {5EB48421-481B-42F9-8FC7-93D06F0EF9A2}
		{6BB44ABD-1D57-4654-8775-6AF67DDAE8D9} = {5EB48421-481B-42F9-8FC7-93D06F0EF9A2}
		{00347F7D-10D6-4E37-B21C-9F2895A555E5} = {5EB48421-481B-42F9-8FC7-93D06F0EF9A2}
		{160F86D5-5448-41E9-8E48-F71134A2832D} = {5EB48421-481B-42F9-8FC7-93D06F0EF9A2}
		{6887AE17-C87C-451D-B0BA-1A7C5746F991} = {5AD722B9-0BAC-4BDB-B577-E7B3B5239D40}
		{92C00A7F-1F2A-4FE2-853C-92D4110B97F4} = {5AD722B9-0BAC-4BDB-B577-E7B3B5239D40}
		{4488DFE4-5728-43FF-9F2F-1FEAD73C34E3} = {AEFA7355-5BDF-4E39-8865-E42DEB4AA125}
	EndGlobalSection
EndGlobal
